# This file is automatically @generated by Cargo.
# It is not intended for manual editing.
version = 4

[[package]]
name = "base64"
version = "0.21.7"
source = "registry+https://github.com/rust-lang/crates.io-index"
checksum = "9d297deb1925b89f2ccc13d7635fa0714f12c87adce1c75356b39ca9b7178567"

[[package]]
name = "concordium-contracts-common"
version = "9.2.0"
source = "registry+https://github.com/rust-lang/crates.io-index"
checksum = "8bacf3a0689d3ac154085e322eb98b0db16caa61436421d991d54ba25aaf0da3"
dependencies = [
 "base64",
 "concordium-contracts-common-derive",
 "fnv",
 "hashbrown",
]

[[package]]
name = "concordium-contracts-common-derive"
version = "4.1.0"
source = "registry+https://github.com/rust-lang/crates.io-index"
checksum = "ee3482ffacf3c18133be976c1b874b6e87e018ac0316e9385888b43df07fa39c"
dependencies = [
 "proc-macro2",
 "quote",
 "syn",
]

[[package]]
name = "concordium-std"
version = "10.1.0"
source = "registry+https://github.com/rust-lang/crates.io-index"
checksum = "8879375db69e8b0f9918faef9b349427c5ae8ba45b31870946780d16bcfe7fe7"
dependencies = [
 "concordium-contracts-common",
]

[[package]]
name = "fnv"
version = "1.0.7"
source = "registry+https://github.com/rust-lang/crates.io-index"
checksum = "3f9eec918d3f24069decb9af1554cad7c880e2da24a9afd88aca000531ab82c1"

[[package]]
name = "hashbrown"
version = "0.11.2"
source = "registry+https://github.com/rust-lang/crates.io-index"
checksum = "ab5ef0d4909ef3724cc8cce6ccc8572c5c817592e9285f5464f8e86f8bd3726e"

[[package]]
name = "proc-macro2"
version = "1.0.95"
source = "registry+https://github.com/rust-lang/crates.io-index"
checksum = "02b3e5e68a3a1a02aad3ec490a98007cbc13c37cbe84a3cd7b8e406d76e7f778"
dependencies = [
 "unicode-ident",
]

[[package]]
name = "quote"
version = "1.0.40"
source = "registry+https://github.com/rust-lang/crates.io-index"
checksum = "1885c039570dc00dcb4ff087a89e185fd56bae234ddc7f056a945bf36467248d"
dependencies = [
 "proc-macro2",
]

[[package]]
name = "smart_contract_test_bench"
version = "1.1.0"
dependencies = [
 "concordium-std",
]

[[package]]
name = "syn"
version = "2.0.104"
source = "registry+https://github.com/rust-lang/crates.io-index"
checksum = "17b6f705963418cdb9927482fa304bc562ece2fdd4f616084c50b7023b435a40"
dependencies = [
 "proc-macro2",
 "quote",
 "unicode-ident",
]

[[package]]
name = "unicode-ident"
version = "1.0.18"
source = "registry+https://github.com/rust-lang/crates.io-index"
checksum = "5a5f39404a5da50712a4c1eecf25e90dd62b613502b7e925fd4e4d19b5c96512"
